// !$*UTF8*$!
{
	archiveVersion = 1;
	classes = {
	};
	objectVersion = 50;
	objects = {

/* Begin PBXBuildFile section */
		BF352CB222053ECB00D774AA /* AppDelegate.swift in Sources */ = {isa = PBXBuildFile; fileRef = BF352CB122053ECB00D774AA /* AppDelegate.swift */; };
		BF352CB422053ECB00D774AA /* ViewController.swift in Sources */ = {isa = PBXBuildFile; fileRef = BF352CB322053ECB00D774AA /* ViewController.swift */; };
		BF352CB722053ECB00D774AA /* Main.storyboard in Resources */ = {isa = PBXBuildFile; fileRef = BF352CB522053ECB00D774AA /* Main.storyboard */; };
		BF352CB922053ECC00D774AA /* Assets.xcassets in Resources */ = {isa = PBXBuildFile; fileRef = BF352CB822053ECC00D774AA /* Assets.xcassets */; };
		BF352CBC22053ECC00D774AA /* LaunchScreen.storyboard in Resources */ = {isa = PBXBuildFile; fileRef = BF352CBA22053ECC00D774AA /* LaunchScreen.storyboard */; };
		BF352CC422060C0600D774AA /* PageViewController.swift in Sources */ = {isa = PBXBuildFile; fileRef = BF352CC322060C0600D774AA /* PageViewController.swift */; };
/* End PBXBuildFile section */

/* Begin PBXFileReference section */
		BF352CAE22053ECB00D774AA /* Matadoor.app */ = {isa = PBXFileReference; explicitFileType = wrapper.application; includeInIndex = 0; path = Matadoor.app; sourceTree = BUILT_PRODUCTS_DIR; };
		BF352CB122053ECB00D774AA /* AppDelegate.swift */ = {isa = PBXFileReference; lastKnownFileType = sourcecode.swift; path = AppDelegate.swift; sourceTree = "<group>"; };
		BF352CB322053ECB00D774AA /* ViewController.swift */ = {isa = PBXFileReference; lastKnownFileType = sourcecode.swift; path = ViewController.swift; sourceTree = "<group>"; };
		BF352CB622053ECB00D774AA /* Base */ = {isa = PBXFileReference; lastKnownFileType = file.storyboard; name = Base; path = Base.lproj/Main.storyboard; sourceTree = "<group>"; };
		BF352CB822053ECC00D774AA /* Assets.xcassets */ = {isa = PBXFileReference; lastKnownFileType = folder.assetcatalog; path = Assets.xcassets; sourceTree = "<group>"; };
		BF352CBB22053ECC00D774AA /* Base */ = {isa = PBXFileReference; lastKnownFileType = file.storyboard; name = Base; path = Base.lproj/LaunchScreen.storyboard; sourceTree = "<group>"; };
		BF352CBD22053ECC00D774AA /* Info.plist */ = {isa = PBXFileReference; lastKnownFileType = text.plist.xml; path = Info.plist; sourceTree = "<group>"; };
		BF352CC322060C0600D774AA /* PageViewController.swift */ = {isa = PBXFileReference; lastKnownFileType = sourcecode.swift; path = PageViewController.swift; sourceTree = "<group>"; };
/* End PBXFileReference section */

/* Begin PBXFrameworksBuildPhase section */
		BF352CAB22053ECB00D774AA /* Frameworks */ = {
			isa = PBXFrameworksBuildPhase;
			buildActionMask = 2147483647;
			files = (
			);
			runOnlyForDeploymentPostprocessing = 0;
		};
/* End PBXFrameworksBuildPhase section */

/* Begin PBXGroup section */
		BF352CA522053ECB00D774AA = {
			isa = PBXGroup;
			children = (
				BF352CB022053ECB00D774AA /* Hömeuch */,
				BF352CAF22053ECB00D774AA /* Products */,
			);
			sourceTree = "<group>";
		};
		BF352CAF22053ECB00D774AA /* Products */ = {
			isa = PBXGroup;
			children = (
				BF352CAE22053ECB00D774AA /* Matadoor.app */,
			);
			name = Products;
			sourceTree = "<group>";
		};
		BF352CB022053ECB00D774AA /* Hömeuch */ = {
			isa = PBXGroup;
			children = (
				BF352CB122053ECB00D774AA /* AppDelegate.swift */,
				BF352CB322053ECB00D774AA /* ViewController.swift */,
				BF352CC322060C0600D774AA /* PageViewController.swift */,
				BF352CB522053ECB00D774AA /* Main.storyboard */,
				BF352CB822053ECC00D774AA /* Assets.xcassets */,
				BF352CBA22053ECC00D774AA /* LaunchScreen.storyboard */,
				BF352CBD22053ECC00D774AA /* Info.plist */,
			);
			name = "Hömeuch";
			path = "Hömeuch";
			sourceTree = "<group>";
		};
/* End PBXGroup section */

/* Begin PBXNativeTarget section */
		BF352CAD22053ECB00D774AA /* Matadoor */ = {
			isa = PBXNativeTarget;
			buildConfigurationList = BF352CC022053ECC00D774AA /* Build configuration list for PBXNativeTarget "Matadoor" */;
			buildPhases = (
				BF352CAA22053ECB00D774AA /* Sources */,
				BF352CAB22053ECB00D774AA /* Frameworks */,
				BF352CAC22053ECB00D774AA /* Resources */,
			);
			buildRules = (
			);
			dependencies = (
			);
			name = Matadoor;
			productName = Matadoor;
			productReference = BF352CAE22053ECB00D774AA /* Matadoor.app */;
			productType = "com.apple.product-type.application";
		};
/* End PBXNativeTarget section */

/* Begin PBXProject section */
		BF352CA622053ECB00D774AA /* Project object */ = {
			isa = PBXProject;
			attributes = {
				LastSwiftUpdateCheck = 1010;
				LastUpgradeCheck = 1010;
				ORGANIZATIONNAME = "Giovanni Noa";
				TargetAttributes = {
					BF352CAD22053ECB00D774AA = {
						CreatedOnToolsVersion = 10.1;
					};
				};
			};
			buildConfigurationList = BF352CA922053ECB00D774AA /* Build configuration list for PBXProject "Hömeuch" */;
			compatibilityVersion = "Xcode 9.3";
			developmentRegion = en;
			hasScannedForEncodings = 0;
			knownRegions = (
				en,
				Base,
			);
			mainGroup = BF352CA522053ECB00D774AA;
			productRefGroup = BF352CAF22053ECB00D774AA /* Products */;
			projectDirPath = "";
			projectRoot = "";
			targets = (
				BF352CAD22053ECB00D774AA /* Matadoor */,
			);
		};
/* End PBXProject section */

/* Begin PBXResourcesBuildPhase section */
		BF352CAC22053ECB00D774AA /* Resources */ = {
			isa = PBXResourcesBuildPhase;
			buildActionMask = 2147483647;
			files = (
				BF352CBC22053ECC00D774AA /* LaunchScreen.storyboard in Resources */,
				BF352CB922053ECC00D774AA /* Assets.xcassets in Resources */,
				BF352CB722053ECB00D774AA /* Main.storyboard in Resources */,
			);
			runOnlyForDeploymentPostprocessing = 0;
		};
/* End PBXResourcesBuildPhase section */

/* Begin PBXSourcesBuildPhase section */
		BF352CAA22053ECB00D774AA /* Sources */ = {
			isa = PBXSourcesBuildPhase;
			buildActionMask = 2147483647;
			files = (
				BF352CC422060C0600D774AA /* PageViewController.swift in Sources */,
				BF352CB422053ECB00D774AA /* ViewController.swift in Sources */,
				BF352CB222053ECB00D774AA /* AppDelegate.swift in Sources */,
			);
			runOnlyForDeploymentPostprocessing = 0;
		};
/* End PBXSourcesBuildPhase section */

/* Begin PBXVariantGroup section */
		BF352CB522053ECB00D774AA /* Main.storyboard */ = {
			isa = PBXVariantGroup;
			children = (
				BF352CB622053ECB00D774AA /* Base */,
			);
			name = Main.storyboard;
			sourceTree = "<group>";
		};
		BF352CBA22053ECC00D774AA /* LaunchScreen.storyboard */ = {
			isa = PBXVariantGroup;
			children = (
				BF352CBB22053ECC00D774AA /* Base */,
			);
			name = LaunchScreen.storyboard;
			sourceTree = "<group>";
		};
/* End PBXVariantGroup section */

/* Begin XCBuildConfiguration section */
		BF352CBE22053ECC00D774AA /* Debug */ = {
			isa = XCBuildConfiguration;
			buildSettings = {
				ALWAYS_SEARCH_USER_PATHS = NO;
				CLANG_ANALYZER_NONNULL = YES;
				CLANG_ANALYZER_NUMBER_OBJECT_CONVERSION = YES_AGGRESSIVE;
				CLANG_CXX_LANGUAGE_STANDARD = "gnu++14";
				CLANG_CXX_LIBRARY = "libc++";
				CLANG_ENABLE_MODULES = YES;
				CLANG_ENABLE_OBJC_ARC = YES;
				CLANG_ENABLE_OBJC_WEAK = YES;
				CLANG_WARN_BLOCK_CAPTURE_AUTORELEASING = YES;
				CLANG_WARN_BOOL_CONVERSION = YES;
				CLANG_WARN_COMMA = YES;
				CLANG_WARN_CONSTANT_CONVERSION = YES;
				CLANG_WARN_DEPRECATED_OBJC_IMPLEMENTATIONS = YES;
				CLANG_WARN_DIRECT_OBJC_ISA_USAGE = YES_ERROR;
				CLANG_WARN_DOCUMENTATION_COMMENTS = YES;
				CLANG_WARN_EMPTY_BODY = YES;
				CLANG_WARN_ENUM_CONVERSION = YES;
				CLANG_WARN_INFINITE_RECURSION = YES;
				CLANG_WARN_INT_CONVERSION = YES;
				CLANG_WARN_NON_LITERAL_NULL_CONVERSION = YES;
				CLANG_WARN_OBJC_IMPLICIT_RETAIN_SELF = YES;
				CLANG_WARN_OBJC_LITERAL_CONVERSION = YES;
				CLANG_WARN_OBJC_ROOT_CLASS = YES_ERROR;
				CLANG_WARN_RANGE_LOOP_ANALYSIS = YES;
				CLANG_WARN_STRICT_PROTOTYPES = YES;
				CLANG_WARN_SUSPICIOUS_MOVE = YES;
				CLANG_WARN_UNGUARDED_AVAILABILITY = YES_AGGRESSIVE;
				CLANG_WARN_UNREACHABLE_CODE = YES;
				CLANG_WARN__DUPLICATE_METHOD_MATCH = YES;
				CODE_SIGN_IDENTITY = "iPhone Developer";
				COPY_PHASE_STRIP = NO;
				DEBUG_INFORMATION_FORMAT = dwarf;
				ENABLE_STRICT_OBJC_MSGSEND = YES;
				ENABLE_TESTABILITY = YES;
				GCC_C_LANGUAGE_STANDARD = gnu11;
				GCC_DYNAMIC_NO_PIC = NO;
				GCC_NO_COMMON_BLOCKS = YES;
				GCC_OPTIMIZATION_LEVEL = 0;
				GCC_PREPROCESSOR_DEFINITIONS = (
					"DEBUG=1",
					"$(inherited)",
				);
				GCC_WARN_64_TO_32_BIT_CONVERSION = YES;
				GCC_WARN_ABOUT_RETURN_TYPE = YES_ERROR;
				GCC_WARN_UNDECLARED_SELECTOR = YES;
				GCC_WARN_UNINITIALIZED_AUTOS = YES_AGGRESSIVE;
				GCC_WARN_UNUSED_FUNCTION = YES;
				GCC_WARN_UNUSED_VARIABLE = YES;
				IPHONEOS_DEPLOYMENT_TARGET = 12.1;
				MTL_ENABLE_DEBUG_INFO = INCLUDE_SOURCE;
				MTL_FAST_MATH = YES;
				ONLY_ACTIVE_ARCH = YES;
				SDKROOT = iphoneos;
				SWIFT_ACTIVE_COMPILATION_CONDITIONS = DEBUG;
				SWIFT_OPTIMIZATION_LEVEL = "-Onone";
			};
			name = Debug;
		};
		BF352CBF22053ECC00D774AA /* Release */ = {
			isa = XCBuildConfiguration;
			buildSettings = {
				ALWAYS_SEARCH_USER_PATHS = NO;
				CLANG_ANALYZER_NONNULL = YES;
				CLANG_ANALYZER_NUMBER_OBJECT_CONVERSION = YES_AGGRESSIVE;
				CLANG_CXX_LANGUAGE_STANDARD = "gnu++14";
				CLANG_CXX_LIBRARY = "libc++";
				CLANG_ENABLE_MODULES = YES;
				CLANG_ENABLE_OBJC_ARC = YES;
				CLANG_ENABLE_OBJC_WEAK = YES;
				CLANG_WARN_BLOCK_CAPTURE_AUTORELEASING = YES;
				CLANG_WARN_BOOL_CONVERSION = YES;
				CLANG_WARN_COMMA = YES;
				CLANG_WARN_CONSTANT_CONVERSION = YES;
				CLANG_WARN_DEPRECATED_OBJC_IMPLEMENTATIONS = YES;
				CLANG_WARN_DIRECT_OBJC_ISA_USAGE = YES_ERROR;
				CLANG_WARN_DOCUMENTATION_COMMENTS = YES;
				CLANG_WARN_EMPTY_BODY = YES;
				CLANG_WARN_ENUM_CONVERSION = YES;
				CLANG_WARN_INFINITE_RECURSION = YES;
				CLANG_WARN_INT_CONVERSION = YES;
				CLANG_WARN_NON_LITERAL_NULL_CONVERSION = YES;
				CLANG_WARN_OBJC_IMPLICIT_RETAIN_SELF = YES;
				CLANG_WARN_OBJC_LITERAL_CONVERSION = YES;
				CLANG_WARN_OBJC_ROOT_CLASS = YES_ERROR;
				CLANG_WARN_RANGE_LOOP_ANALYSIS = YES;
				CLANG_WARN_STRICT_PROTOTYPES = YES;
				CLANG_WARN_SUSPICIOUS_MOVE = YES;
				CLANG_WARN_UNGUARDED_AVAILABILITY = YES_AGGRESSIVE;
				CLANG_WARN_UNREACHABLE_CODE = YES;
				CLANG_WARN__DUPLICATE_METHOD_MATCH = YES;
				CODE_SIGN_IDENTITY = "iPhone Developer";
				COPY_PHASE_STRIP = NO;
				DEBUG_INFORMATION_FORMAT = "dwarf-with-dsym";
				ENABLE_NS_ASSERTIONS = NO;
				ENABLE_STRICT_OBJC_MSGSEND = YES;
				GCC_C_LANGUAGE_STANDARD = gnu11;
				GCC_NO_COMMON_BLOCKS = YES;
				GCC_WARN_64_TO_32_BIT_CONVERSION = YES;
				GCC_WARN_ABOUT_RETURN_TYPE = YES_ERROR;
				GCC_WARN_UNDECLARED_SELECTOR = YES;
				GCC_WARN_UNINITIALIZED_AUTOS = YES_AGGRESSIVE;
				GCC_WARN_UNUSED_FUNCTION = YES;
				GCC_WARN_UNUSED_VARIABLE = YES;
				IPHONEOS_DEPLOYMENT_TARGET = 12.1;
				MTL_ENABLE_DEBUG_INFO = NO;
				MTL_FAST_MATH = YES;
				SDKROOT = iphoneos;
				SWIFT_COMPILATION_MODE = wholemodule;
				SWIFT_OPTIMIZATION_LEVEL = "-O";
				VALIDATE_PRODUCT = YES;
			};
			name = Release;
		};
		BF352CC122053ECC00D774AA /* Debug */ = {
			isa = XCBuildConfiguration;
			buildSettings = {
				ASSETCATALOG_COMPILER_APPICON_NAME = AppIcon;
				CODE_SIGN_STYLE = Automatic;
				DEVELOPMENT_TEAM = HRVS9455XM;
				INFOPLIST_FILE = "Hömeuch/Info.plist";
				LD_RUNPATH_SEARCH_PATHS = (
					"$(inherited)",
					"@executable_path/Frameworks",
				);
				PRODUCT_BUNDLE_IDENTIFIER = "com.GioNoa.Hömeuch";
				PRODUCT_NAME = "$(TARGET_NAME)";
				SWIFT_VERSION = 4.2;
				TARGETED_DEVICE_FAMILY = "1,2";
			};
			name = Debug;
		};
		BF352CC222053ECC00D774AA /* Release */ = {
			isa = XCBuildConfiguration;
			buildSettings = {
				ASSETCATALOG_COMPILER_APPICON_NAME = AppIcon;
				CODE_SIGN_STYLE = Automatic;
				DEVELOPMENT_TEAM = HRVS9455XM;
				INFOPLIST_FILE = "Hömeuch/Info.plist";
				LD_RUNPATH_SEARCH_PATHS = (
					"$(inherited)",
					"@executable_path/Frameworks",
				);
				PRODUCT_BUNDLE_IDENTIFIER = "com.GioNoa.Hömeuch";
				PRODUCT_NAME = "$(TARGET_NAME)";
				SWIFT_VERSION = 4.2;
				TARGETED_DEVICE_FAMILY = "1,2";
			};
			name = Release;
		};
/* End XCBuildConfiguration section */

/* Begin XCConfigurationList section */
		BF352CA922053ECB00D774AA /* Build configuration list for PBXProject "Hömeuch" */ = {
			isa = XCConfigurationList;
			buildConfigurations = (
				BF352CBE22053ECC00D774AA /* Debug */,
				BF352CBF22053ECC00D774AA /* Release */,
			);
			defaultConfigurationIsVisible = 0;
			defaultConfigurationName = Release;
		};
		BF352CC022053ECC00D774AA /* Build configuration list for PBXNativeTarget "Matadoor" */ = {
			isa = XCConfigurationList;
			buildConfigurations = (
				BF352CC122053ECC00D774AA /* Debug */,
				BF352CC222053ECC00D774AA /* Release */,
			);
			defaultConfigurationIsVisible = 0;
			defaultConfigurationName = Release;
		};
/* End XCConfigurationList section */
	};
	rootObject = BF352CA622053ECB00D774AA /* Project object */;
}
